
Microsoft Visual Studio Solution File, Format Version 12.00
# Visual Studio 15
VisualStudioVersion = 15.0.27703.2042
MinimumVisualStudioVersion = 10.0.40219.1
Project("{FAE04EC0-301F-11D3-BF4B-00C04F79EFBC}") = "Cp.Web", "Cp.Web\Cp.Web.csproj", "{2540D162-CE77-40F5-9A70-AA0CA3C683B1}"
EndProject
Project("{FAE04EC0-301F-11D3-BF4B-00C04F79EFBC}") = "Cp.Model", "Cp.Model\Cp.Model.csproj", "{3312658E-5C85-4010-B903-C2A9ECBA12E7}"
EndProject
Project("{FAE04EC0-301F-11D3-BF4B-00C04F79EFBC}") = "Cp.Business", "Cp.Business\Cp.Business.csproj", "{51D65FC3-318D-4E95-BAE3-7195B862328E}"
EndProject
Project("{FAE04EC0-301F-11D3-BF4B-00C04F79EFBC}") = "Cp.Data", "Cp.Data\Cp.Data.csproj", "{BEEE0532-78EC-4249-B98E-765DEFF5776E}"
EndProject
Project("{FAE04EC0-301F-11D3-BF4B-00C04F79EFBC}") = "Cp.Interface", "Cp.Interface\Cp.Interface.csproj", "{C45D35D5-04BE-430F-936D-D01D4A8873BF}"
EndProject
Project("{FAE04EC0-301F-11D3-BF4B-00C04F79EFBC}") = "Cp.Utility", "Cp.Utility\Cp.Utility.csproj", "{546AC9DA-17EF-4646-BAD2-9ABE2CFD2F64}"
EndProject
Global
	GlobalSection(SolutionConfigurationPlatforms) = preSolution
		Debug|Any CPU = Debug|Any CPU
		Release|Any CPU = Release|Any CPU
	EndGlobalSection
	GlobalSection(ProjectConfigurationPlatforms) = postSolution
		{2540D162-CE77-40F5-9A70-AA0CA3C683B1}.Debug|Any CPU.ActiveCfg = Debug|Any CPU
		{2540D162-CE77-40F5-9A70-AA0CA3C683B1}.Debug|Any CPU.Build.0 = Debug|Any CPU
		{2540D162-CE77-40F5-9A70-AA0CA3C683B1}.Release|Any CPU.ActiveCfg = Release|Any CPU
		{2540D162-CE77-40F5-9A70-AA0CA3C683B1}.Release|Any CPU.Build.0 = Release|Any CPU
		{3312658E-5C85-4010-B903-C2A9ECBA12E7}.Debug|Any CPU.ActiveCfg = Debug|Any CPU
		{3312658E-5C85-4010-B903-C2A9ECBA12E7}.Debug|Any CPU.Build.0 = Debug|Any CPU
		{3312658E-5C85-4010-B903-C2A9ECBA12E7}.Release|Any CPU.ActiveCfg = Release|Any CPU
		{3312658E-5C85-4010-B903-C2A9ECBA12E7}.Release|Any CPU.Build.0 = Release|Any CPU
		{51D65FC3-318D-4E95-BAE3-7195B862328E}.Debug|Any CPU.ActiveCfg = Debug|Any CPU
		{51D65FC3-318D-4E95-BAE3-7195B862328E}.Debug|Any CPU.Build.0 = Debug|Any CPU
		{51D65FC3-318D-4E95-BAE3-7195B862328E}.Release|Any CPU.ActiveCfg = Release|Any CPU
		{51D65FC3-318D-4E95-BAE3-7195B862328E}.Release|Any CPU.Build.0 = Release|Any CPU
		{BEEE0532-78EC-4249-B98E-765DEFF5776E}.Debug|Any CPU.ActiveCfg = Debug|Any CPU
		{BEEE0532-78EC-4249-B98E-765DEFF5776E}.Debug|Any CPU.Build.0 = Debug|Any CPU
		{BEEE0532-78EC-4249-B98E-765DEFF5776E}.Release|Any CPU.ActiveCfg = Release|Any CPU
		{BEEE0532-78EC-4249-B98E-765DEFF5776E}.Release|Any CPU.Build.0 = Release|Any CPU
		{C45D35D5-04BE-430F-936D-D01D4A8873BF}.Debug|Any CPU.ActiveCfg = Debug|Any CPU
		{C45D35D5-04BE-430F-936D-D01D4A8873BF}.Debug|Any CPU.Build.0 = Debug|Any CPU
		{C45D35D5-04BE-430F-936D-D01D4A8873BF}.Release|Any CPU.ActiveCfg = Release|Any CPU
		{C45D35D5-04BE-430F-936D-D01D4A8873BF}.Release|Any CPU.Build.0 = Release|Any CPU
		{546AC9DA-17EF-4646-BAD2-9ABE2CFD2F64}.Debug|Any CPU.ActiveCfg = Debug|Any CPU
		{546AC9DA-17EF-4646-BAD2-9ABE2CFD2F64}.Debug|Any CPU.Build.0 = Debug|Any CPU
		{546AC9DA-17EF-4646-BAD2-9ABE2CFD2F64}.Release|Any CPU.ActiveCfg = Release|Any CPU
		{546AC9DA-17EF-4646-BAD2-9ABE2CFD2F64}.Release|Any CPU.Build.0 = Release|Any CPU
	EndGlobalSection
	GlobalSection(SolutionProperties) = preSolution
		HideSolutionNode = FALSE
	EndGlobalSection
	GlobalSection(ExtensibilityGlobals) = postSolution
		SolutionGuid = {2BFD0585-EF9A-4FA2-89CC-6027E21F94E3}
	EndGlobalSection
EndGlobal
